
Microsoft Visual Studio Solution File, Format Version 12.00
# Visual Studio 15
VisualStudioVersion = 15.0.28307.438
MinimumVisualStudioVersion = 10.0.40219.1
Project("{FAE04EC0-301F-11D3-BF4B-00C04F79EFBC}") = "WindowsFormsApp3", "WindowsFormsApp3\WindowsFormsApp3.csproj", "{D6EC7E49-6AD8-4F46-BBED-D06E2AF66AAD}"
EndProject
Global
	GlobalSection(SolutionConfigurationPlatforms) = preSolution
		Debug|Any CPU = Debug|Any CPU
		Release|Any CPU = Release|Any CPU
	EndGlobalSection
	GlobalSection(ProjectConfigurationPlatforms) = postSolution
		{D6EC7E49-6AD8-4F46-BBED-D06E2AF66AAD}.Debug|Any CPU.ActiveCfg = Debug|Any CPU
		{D6EC7E49-6AD8-4F46-BBED-D06E2AF66AAD}.Debug|Any CPU.Build.0 = Debug|Any CPU
		{D6EC7E49-6AD8-4F46-BBED-D06E2AF66AAD}.Release|Any CPU.ActiveCfg = Release|Any CPU
		{D6EC7E49-6AD8-4F46-BBED-D06E2AF66AAD}.Release|Any CPU.Build.0 = Release|Any CPU
	EndGlobalSection
	GlobalSection(SolutionProperties) = preSolution
		HideSolutionNode = FALSE
	EndGlobalSection
	GlobalSection(ExtensibilityGlobals) = postSolution
		SolutionGuid = {A9053EC1-87D7-47FE-BE5A-E61B4B1E6414}
	EndGlobalSection
EndGlobal
